// !$*UTF8*$!
{
	archiveVersion = 1;
	classes = {
	};
	objectVersion = 46;
	objects = {

/* Begin PBXBuildFile section */
		32DEF49213B190CE0020BEA3 /* UIKit.framework in Frameworks */ = {isa = PBXBuildFile; fileRef = 32DEF49113B190CE0020BEA3 /* UIKit.framework */; };
		32DEF49413B190CE0020BEA3 /* Foundation.framework in Frameworks */ = {isa = PBXBuildFile; fileRef = 32DEF49313B190CE0020BEA3 /* Foundation.framework */; };
		32DEF49613B190CE0020BEA3 /* CoreGraphics.framework in Frameworks */ = {isa = PBXBuildFile; fileRef = 32DEF49513B190CE0020BEA3 /* CoreGraphics.framework */; };
		32DEF49C13B190CE0020BEA3 /* InfoPlist.strings in Resources */ = {isa = PBXBuildFile; fileRef = 32DEF49A13B190CE0020BEA3 /* InfoPlist.strings */; };
		32DEF49F13B190CE0020BEA3 /* main.m in Sources */ = {isa = PBXBuildFile; fileRef = 32DEF49E13B190CE0020BEA3 /* main.m */; };
		32DEF4A213B190CE0020BEA3 /* ThreadSliderAppDelegate.m in Sources */ = {isa = PBXBuildFile; fileRef = 32DEF4A113B190CE0020BEA3 /* ThreadSliderAppDelegate.m */; };
		32DEF4A513B190CE0020BEA3 /* MainWindow.xib in Resources */ = {isa = PBXBuildFile; fileRef = 32DEF4A313B190CE0020BEA3 /* MainWindow.xib */; };
		32DEF4A813B190CE0020BEA3 /* ThreadSliderViewController.m in Sources */ = {isa = PBXBuildFile; fileRef = 32DEF4A713B190CE0020BEA3 /* ThreadSliderViewController.m */; };
		32DEF4AB13B190CE0020BEA3 /* ThreadSliderViewController.xib in Resources */ = {isa = PBXBuildFile; fileRef = 32DEF4A913B190CE0020BEA3 /* ThreadSliderViewController.xib */; };
/* End PBXBuildFile section */

/* Begin PBXFileReference section */
		32DEF48D13B190CE0020BEA3 /* ThreadSlider.app */ = {isa = PBXFileReference; explicitFileType = wrapper.application; includeInIndex = 0; path = ThreadSlider.app; sourceTree = BUILT_PRODUCTS_DIR; };
		32DEF49113B190CE0020BEA3 /* UIKit.framework */ = {isa = PBXFileReference; lastKnownFileType = wrapper.framework; name = UIKit.framework; path = System/Library/Frameworks/UIKit.framework; sourceTree = SDKROOT; };
		32DEF49313B190CE0020BEA3 /* Foundation.framework */ = {isa = PBXFileReference; lastKnownFileType = wrapper.framework; name = Foundation.framework; path = System/Library/Frameworks/Foundation.framework; sourceTree = SDKROOT; };
		32DEF49513B190CE0020BEA3 /* CoreGraphics.framework */ = {isa = PBXFileReference; lastKnownFileType = wrapper.framework; name = CoreGraphics.framework; path = System/Library/Frameworks/CoreGraphics.framework; sourceTree = SDKROOT; };
		32DEF49913B190CE0020BEA3 /* ThreadSlider-Info.plist */ = {isa = PBXFileReference; path = "ThreadSlider-Info.plist"; sourceTree = "<group>"; };
		32DEF49B13B190CE0020BEA3 /* en */ = {isa = PBXFileReference; lastKnownFileType = text.plist.strings; name = en; path = en.lproj/InfoPlist.strings; sourceTree = "<group>"; };
		32DEF49D13B190CE0020BEA3 /* ThreadSlider-Prefix.pch */ = {isa = PBXFileReference; path = "ThreadSlider-Prefix.pch"; sourceTree = "<group>"; };
		32DEF49E13B190CE0020BEA3 /* main.m */ = {isa = PBXFileReference; lastKnownFileType = sourcecode.c.objc; path = main.m; sourceTree = "<group>"; };
		32DEF4A013B190CE0020BEA3 /* ThreadSliderAppDelegate.h */ = {isa = PBXFileReference; path = ThreadSliderAppDelegate.h; sourceTree = "<group>"; };
		32DEF4A113B190CE0020BEA3 /* ThreadSliderAppDelegate.m */ = {isa = PBXFileReference; lastKnownFileType = sourcecode.c.objc; path = ThreadSliderAppDelegate.m; sourceTree = "<group>"; };
		32DEF4A413B190CE0020BEA3 /* en */ = {isa = PBXFileReference; lastKnownFileType = file.xib; name = en; path = en.lproj/MainWindow.xib; sourceTree = "<group>"; };
		32DEF4A613B190CE0020BEA3 /* ThreadSliderViewController.h */ = {isa = PBXFileReference; path = ThreadSliderViewController.h; sourceTree = "<group>"; };
		32DEF4A713B190CE0020BEA3 /* ThreadSliderViewController.m */ = {isa = PBXFileReference; lastKnownFileType = sourcecode.c.objc; path = ThreadSliderViewController.m; sourceTree = "<group>"; };
		32DEF4AA13B190CE0020BEA3 /* en */ = {isa = PBXFileReference; lastKnownFileType = file.xib; name = en; path = en.lproj/ThreadSliderViewController.xib; sourceTree = "<group>"; };
/* End PBXFileReference section */

/* Begin PBXFrameworksBuildPhase section */
		32DEF48A13B190CD0020BEA3 /* Frameworks */ = {
			isa = PBXFrameworksBuildPhase;
			buildActionMask = 2147483647;
			files = (
				32DEF49213B190CE0020BEA3 /* UIKit.framework in Frameworks */,
				32DEF49413B190CE0020BEA3 /* Foundation.framework in Frameworks */,
				32DEF49613B190CE0020BEA3 /* CoreGraphics.framework in Frameworks */,
			);
			runOnlyForDeploymentPostprocessing = 0;
		};
/* End PBXFrameworksBuildPhase section */

/* Begin PBXGroup section */
		32DEF48213B190CD0020BEA3 = {
			isa = PBXGroup;
			children = (
				32DEF49713B190CE0020BEA3 /* ThreadSlider */,
				32DEF49013B190CE0020BEA3 /* Frameworks */,
				32DEF48E13B190CE0020BEA3 /* Products */,
			);
			sourceTree = "<group>";
		};
		32DEF48E13B190CE0020BEA3 /* Products */ = {
			isa = PBXGroup;
			children = (
				32DEF48D13B190CE0020BEA3 /* ThreadSlider.app */,
			);
			name = Products;
			sourceTree = "<group>";
		};
		32DEF49013B190CE0020BEA3 /* Frameworks */ = {
			isa = PBXGroup;
			children = (
				32DEF49113B190CE0020BEA3 /* UIKit.framework */,
				32DEF49313B190CE0020BEA3 /* Foundation.framework */,
				32DEF49513B190CE0020BEA3 /* CoreGraphics.framework */,
			);
			name = Frameworks;
			sourceTree = "<group>";
		};
		32DEF49713B190CE0020BEA3 /* ThreadSlider */ = {
			isa = PBXGroup;
			children = (
				32DEF4A013B190CE0020BEA3 /* ThreadSliderAppDelegate.h */,
				32DEF4A113B190CE0020BEA3 /* ThreadSliderAppDelegate.m */,
				32DEF4A313B190CE0020BEA3 /* MainWindow.xib */,
				32DEF4A613B190CE0020BEA3 /* ThreadSliderViewController.h */,
				32DEF4A713B190CE0020BEA3 /* ThreadSliderViewController.m */,
				32DEF4A913B190CE0020BEA3 /* ThreadSliderViewController.xib */,
				32DEF49813B190CE0020BEA3 /* Supporting Files */,
			);
			path = ThreadSlider;
			sourceTree = "<group>";
		};
		32DEF49813B190CE0020BEA3 /* Supporting Files */ = {
			isa = PBXGroup;
			children = (
				32DEF49913B190CE0020BEA3 /* ThreadSlider-Info.plist */,
				32DEF49A13B190CE0020BEA3 /* InfoPlist.strings */,
				32DEF49D13B190CE0020BEA3 /* ThreadSlider-Prefix.pch */,
				32DEF49E13B190CE0020BEA3 /* main.m */,
			);
			name = "Supporting Files";
			sourceTree = "<group>";
		};
/* End PBXGroup section */

/* Begin PBXNativeTarget section */
		32DEF48C13B190CD0020BEA3 /* ThreadSlider */ = {
			isa = PBXNativeTarget;
			buildConfigurationList = 32DEF4AE13B190CE0020BEA3 /* Build configuration list for PBXNativeTarget "ThreadSlider" */;
			buildPhases = (
				32DEF48913B190CD0020BEA3 /* Sources */,
				32DEF48A13B190CD0020BEA3 /* Frameworks */,
				32DEF48B13B190CD0020BEA3 /* Resources */,
			);
			buildRules = (
			);
			dependencies = (
			);
			name = ThreadSlider;
			productName = ThreadSlider;
			productReference = 32DEF48D13B190CE0020BEA3 /* ThreadSlider.app */;
			productType = "com.apple.product-type.application";
		};
/* End PBXNativeTarget section */

/* Begin PBXProject section */
		32DEF48413B190CD0020BEA3 /* Project object */ = {
			isa = PBXProject;
			buildConfigurationList = 32DEF48713B190CD0020BEA3 /* Build configuration list for PBXProject "ThreadSlider" */;
			compatibilityVersion = "Xcode 3.2";
			developmentRegion = English;
			hasScannedForEncodings = 0;
			knownRegions = (
				en,
			);
			mainGroup = 32DEF48213B190CD0020BEA3;
			productRefGroup = 32DEF48E13B190CE0020BEA3 /* Products */;
			projectDirPath = "";
			projectRoot = "";
			targets = (
				32DEF48C13B190CD0020BEA3 /* ThreadSlider */,
			);
		};
/* End PBXProject section */

/* Begin PBXResourcesBuildPhase section */
		32DEF48B13B190CD0020BEA3 /* Resources */ = {
			isa = PBXResourcesBuildPhase;
			buildActionMask = 2147483647;
			files = (
				32DEF49C13B190CE0020BEA3 /* InfoPlist.strings in Resources */,
				32DEF4A513B190CE0020BEA3 /* MainWindow.xib in Resources */,
				32DEF4AB13B190CE0020BEA3 /* ThreadSliderViewController.xib in Resources */,
			);
			runOnlyForDeploymentPostprocessing = 0;
		};
/* End PBXResourcesBuildPhase section */

/* Begin PBXSourcesBuildPhase section */
		32DEF48913B190CD0020BEA3 /* Sources */ = {
			isa = PBXSourcesBuildPhase;
			buildActionMask = 2147483647;
			files = (
				32DEF49F13B190CE0020BEA3 /* main.m in Sources */,
				32DEF4A213B190CE0020BEA3 /* ThreadSliderAppDelegate.m in Sources */,
				32DEF4A813B190CE0020BEA3 /* ThreadSliderViewController.m in Sources */,
			);
			runOnlyForDeploymentPostprocessing = 0;
		};
/* End PBXSourcesBuildPhase section */

/* Begin PBXVariantGroup section */
		32DEF49A13B190CE0020BEA3 /* InfoPlist.strings */ = {
			isa = PBXVariantGroup;
			children = (
				32DEF49B13B190CE0020BEA3 /* en */,
			);
			name = InfoPlist.strings;
			sourceTree = "<group>";
		};
		32DEF4A313B190CE0020BEA3 /* MainWindow.xib */ = {
			isa = PBXVariantGroup;
			children = (
				32DEF4A413B190CE0020BEA3 /* en */,
			);
			name = MainWindow.xib;
			sourceTree = "<group>";
		};
		32DEF4A913B190CE0020BEA3 /* ThreadSliderViewController.xib */ = {
			isa = PBXVariantGroup;
			children = (
				32DEF4AA13B190CE0020BEA3 /* en */,
			);
			name = ThreadSliderViewController.xib;
			sourceTree = "<group>";
		};
/* End PBXVariantGroup section */

/* Begin XCBuildConfiguration section */
		32DEF4AC13B190CE0020BEA3 /* Debug */ = {
			isa = XCBuildConfiguration;
			buildSettings = {
				ARCHS = "$(ARCHS_STANDARD_32_BIT)";
				"CODE_SIGN_IDENTITY[sdk=iphoneos*]" = "iPhone Developer";
				GCC_C_LANGUAGE_STANDARD = gnu99;
				GCC_OPTIMIZATION_LEVEL = 0;
				GCC_PREPROCESSOR_DEFINITIONS = DEBUG;
				GCC_SYMBOLS_PRIVATE_EXTERN = NO;
				GCC_VERSION = com.apple.compilers.llvmgcc42;
				GCC_WARN_ABOUT_RETURN_TYPE = YES;
				GCC_WARN_UNUSED_VARIABLE = YES;
				IPHONEOS_DEPLOYMENT_TARGET = 4.3;
				SDKROOT = iphoneos;
			};
			name = Debug;
		};
		32DEF4AD13B190CE0020BEA3 /* Release */ = {
			isa = XCBuildConfiguration;
			buildSettings = {
				ARCHS = "$(ARCHS_STANDARD_32_BIT)";
				"CODE_SIGN_IDENTITY[sdk=iphoneos*]" = "iPhone Developer";
				GCC_C_LANGUAGE_STANDARD = gnu99;
				GCC_VERSION = com.apple.compilers.llvmgcc42;
				GCC_WARN_ABOUT_RETURN_TYPE = YES;
				GCC_WARN_UNUSED_VARIABLE = YES;
				IPHONEOS_DEPLOYMENT_TARGET = 4.3;
				OTHER_CFLAGS = "-DNS_BLOCK_ASSERTIONS=1";
				SDKROOT = iphoneos;
			};
			name = Release;
		};
		32DEF4AF13B190CE0020BEA3 /* Debug */ = {
			isa = XCBuildConfiguration;
			buildSettings = {
				ALWAYS_SEARCH_USER_PATHS = NO;
				COPY_PHASE_STRIP = NO;
				GCC_DYNAMIC_NO_PIC = NO;
				GCC_PRECOMPILE_PREFIX_HEADER = YES;
				GCC_PREFIX_HEADER = "ThreadSlider/ThreadSlider-Prefix.pch";
				INFOPLIST_FILE = "ThreadSlider/ThreadSlider-Info.plist";
				PRODUCT_NAME = "$(TARGET_NAME)";
				WRAPPER_EXTENSION = app;
			};
			name = Debug;
		};
		32DEF4B013B190CE0020BEA3 /* Release */ = {
			isa = XCBuildConfiguration;
			buildSettings = {
				ALWAYS_SEARCH_USER_PATHS = NO;
				COPY_PHASE_STRIP = YES;
				GCC_PRECOMPILE_PREFIX_HEADER = YES;
				GCC_PREFIX_HEADER = "ThreadSlider/ThreadSlider-Prefix.pch";
				INFOPLIST_FILE = "ThreadSlider/ThreadSlider-Info.plist";
				PRODUCT_NAME = "$(TARGET_NAME)";
				VALIDATE_PRODUCT = YES;
				WRAPPER_EXTENSION = app;
			};
			name = Release;
		};
/* End XCBuildConfiguration section */

/* Begin XCConfigurationList section */
		32DEF48713B190CD0020BEA3 /* Build configuration list for PBXProject "ThreadSlider" */ = {
			isa = XCConfigurationList;
			buildConfigurations = (
				32DEF4AC13B190CE0020BEA3 /* Debug */,
				32DEF4AD13B190CE0020BEA3 /* Release */,
			);
			defaultConfigurationIsVisible = 0;
			defaultConfigurationName = Release;
		};
		32DEF4AE13B190CE0020BEA3 /* Build configuration list for PBXNativeTarget "ThreadSlider" */ = {
			isa = XCConfigurationList;
			buildConfigurations = (
				32DEF4AF13B190CE0020BEA3 /* Debug */,
				32DEF4B013B190CE0020BEA3 /* Release */,
			);
			defaultConfigurationIsVisible = 0;
		};
/* End XCConfigurationList section */
	};
	rootObject = 32DEF48413B190CD0020BEA3 /* Project object */;
}
