// !$*UTF8*$!
{
	archiveVersion = 1;
	classes = {
	};
	objectVersion = 46;
	objects = {

/* Begin PBXBuildFile section */
		32E3FC6B13ADB79A00895E31 /* UIKit.framework in Frameworks */ = {isa = PBXBuildFile; fileRef = 32E3FC6A13ADB79A00895E31 /* UIKit.framework */; };
		32E3FC6D13ADB79A00895E31 /* Foundation.framework in Frameworks */ = {isa = PBXBuildFile; fileRef = 32E3FC6C13ADB79A00895E31 /* Foundation.framework */; };
		32E3FC6F13ADB79B00895E31 /* CoreGraphics.framework in Frameworks */ = {isa = PBXBuildFile; fileRef = 32E3FC6E13ADB79A00895E31 /* CoreGraphics.framework */; };
		32E3FC7513ADB79B00895E31 /* InfoPlist.strings in Resources */ = {isa = PBXBuildFile; fileRef = 32E3FC7313ADB79B00895E31 /* InfoPlist.strings */; };
		32E3FC7813ADB79B00895E31 /* main.m in Sources */ = {isa = PBXBuildFile; fileRef = 32E3FC7713ADB79B00895E31 /* main.m */; };
		32E3FC7B13ADB79B00895E31 /* RSSFunAppDelegate.m in Sources */ = {isa = PBXBuildFile; fileRef = 32E3FC7A13ADB79B00895E31 /* RSSFunAppDelegate.m */; };
		32E3FC7E13ADB79B00895E31 /* MainWindow.xib in Resources */ = {isa = PBXBuildFile; fileRef = 32E3FC7C13ADB79B00895E31 /* MainWindow.xib */; };
		32E3FC8113ADB79B00895E31 /* RootViewController.m in Sources */ = {isa = PBXBuildFile; fileRef = 32E3FC8013ADB79B00895E31 /* RootViewController.m */; };
		32E3FC8413ADB79B00895E31 /* RootViewController.xib in Resources */ = {isa = PBXBuildFile; fileRef = 32E3FC8213ADB79B00895E31 /* RootViewController.xib */; };
/* End PBXBuildFile section */

/* Begin PBXFileReference section */
		32E3FC6613ADB79A00895E31 /* RSSFun.app */ = {isa = PBXFileReference; explicitFileType = wrapper.application; includeInIndex = 0; path = RSSFun.app; sourceTree = BUILT_PRODUCTS_DIR; };
		32E3FC6A13ADB79A00895E31 /* UIKit.framework */ = {isa = PBXFileReference; lastKnownFileType = wrapper.framework; name = UIKit.framework; path = System/Library/Frameworks/UIKit.framework; sourceTree = SDKROOT; };
		32E3FC6C13ADB79A00895E31 /* Foundation.framework */ = {isa = PBXFileReference; lastKnownFileType = wrapper.framework; name = Foundation.framework; path = System/Library/Frameworks/Foundation.framework; sourceTree = SDKROOT; };
		32E3FC6E13ADB79A00895E31 /* CoreGraphics.framework */ = {isa = PBXFileReference; lastKnownFileType = wrapper.framework; name = CoreGraphics.framework; path = System/Library/Frameworks/CoreGraphics.framework; sourceTree = SDKROOT; };
		32E3FC7213ADB79B00895E31 /* RSSFun-Info.plist */ = {isa = PBXFileReference; path = "RSSFun-Info.plist"; sourceTree = "<group>"; };
		32E3FC7413ADB79B00895E31 /* en */ = {isa = PBXFileReference; lastKnownFileType = text.plist.strings; name = en; path = en.lproj/InfoPlist.strings; sourceTree = "<group>"; };
		32E3FC7613ADB79B00895E31 /* RSSFun-Prefix.pch */ = {isa = PBXFileReference; path = "RSSFun-Prefix.pch"; sourceTree = "<group>"; };
		32E3FC7713ADB79B00895E31 /* main.m */ = {isa = PBXFileReference; lastKnownFileType = sourcecode.c.objc; path = main.m; sourceTree = "<group>"; };
		32E3FC7913ADB79B00895E31 /* RSSFunAppDelegate.h */ = {isa = PBXFileReference; path = RSSFunAppDelegate.h; sourceTree = "<group>"; };
		32E3FC7A13ADB79B00895E31 /* RSSFunAppDelegate.m */ = {isa = PBXFileReference; lastKnownFileType = sourcecode.c.objc; path = RSSFunAppDelegate.m; sourceTree = "<group>"; };
		32E3FC7D13ADB79B00895E31 /* en */ = {isa = PBXFileReference; lastKnownFileType = file.xib; name = en; path = en.lproj/MainWindow.xib; sourceTree = "<group>"; };
		32E3FC7F13ADB79B00895E31 /* RootViewController.h */ = {isa = PBXFileReference; path = RootViewController.h; sourceTree = "<group>"; };
		32E3FC8013ADB79B00895E31 /* RootViewController.m */ = {isa = PBXFileReference; lastKnownFileType = sourcecode.c.objc; path = RootViewController.m; sourceTree = "<group>"; };
		32E3FC8313ADB79B00895E31 /* en */ = {isa = PBXFileReference; lastKnownFileType = file.xib; name = en; path = en.lproj/RootViewController.xib; sourceTree = "<group>"; };
/* End PBXFileReference section */

/* Begin PBXFrameworksBuildPhase section */
		32E3FC6313ADB79A00895E31 /* Frameworks */ = {
			isa = PBXFrameworksBuildPhase;
			buildActionMask = 2147483647;
			files = (
				32E3FC6B13ADB79A00895E31 /* UIKit.framework in Frameworks */,
				32E3FC6D13ADB79A00895E31 /* Foundation.framework in Frameworks */,
				32E3FC6F13ADB79B00895E31 /* CoreGraphics.framework in Frameworks */,
			);
			runOnlyForDeploymentPostprocessing = 0;
		};
/* End PBXFrameworksBuildPhase section */

/* Begin PBXGroup section */
		32E3FC5B13ADB79A00895E31 = {
			isa = PBXGroup;
			children = (
				32E3FC7013ADB79B00895E31 /* RSSFun */,
				32E3FC6913ADB79A00895E31 /* Frameworks */,
				32E3FC6713ADB79A00895E31 /* Products */,
			);
			sourceTree = "<group>";
		};
		32E3FC6713ADB79A00895E31 /* Products */ = {
			isa = PBXGroup;
			children = (
				32E3FC6613ADB79A00895E31 /* RSSFun.app */,
			);
			name = Products;
			sourceTree = "<group>";
		};
		32E3FC6913ADB79A00895E31 /* Frameworks */ = {
			isa = PBXGroup;
			children = (
				32E3FC6A13ADB79A00895E31 /* UIKit.framework */,
				32E3FC6C13ADB79A00895E31 /* Foundation.framework */,
				32E3FC6E13ADB79A00895E31 /* CoreGraphics.framework */,
			);
			name = Frameworks;
			sourceTree = "<group>";
		};
		32E3FC7013ADB79B00895E31 /* RSSFun */ = {
			isa = PBXGroup;
			children = (
				32E3FC7913ADB79B00895E31 /* RSSFunAppDelegate.h */,
				32E3FC7A13ADB79B00895E31 /* RSSFunAppDelegate.m */,
				32E3FC7C13ADB79B00895E31 /* MainWindow.xib */,
				32E3FC7F13ADB79B00895E31 /* RootViewController.h */,
				32E3FC8013ADB79B00895E31 /* RootViewController.m */,
				32E3FC8213ADB79B00895E31 /* RootViewController.xib */,
				32E3FC7113ADB79B00895E31 /* Supporting Files */,
			);
			path = RSSFun;
			sourceTree = "<group>";
		};
		32E3FC7113ADB79B00895E31 /* Supporting Files */ = {
			isa = PBXGroup;
			children = (
				32E3FC7213ADB79B00895E31 /* RSSFun-Info.plist */,
				32E3FC7313ADB79B00895E31 /* InfoPlist.strings */,
				32E3FC7613ADB79B00895E31 /* RSSFun-Prefix.pch */,
				32E3FC7713ADB79B00895E31 /* main.m */,
			);
			name = "Supporting Files";
			sourceTree = "<group>";
		};
/* End PBXGroup section */

/* Begin PBXNativeTarget section */
		32E3FC6513ADB79A00895E31 /* RSSFun */ = {
			isa = PBXNativeTarget;
			buildConfigurationList = 32E3FC8713ADB79B00895E31 /* Build configuration list for PBXNativeTarget "RSSFun" */;
			buildPhases = (
				32E3FC6213ADB79A00895E31 /* Sources */,
				32E3FC6313ADB79A00895E31 /* Frameworks */,
				32E3FC6413ADB79A00895E31 /* Resources */,
			);
			buildRules = (
			);
			dependencies = (
			);
			name = RSSFun;
			productName = RSSFun;
			productReference = 32E3FC6613ADB79A00895E31 /* RSSFun.app */;
			productType = "com.apple.product-type.application";
		};
/* End PBXNativeTarget section */

/* Begin PBXProject section */
		32E3FC5D13ADB79A00895E31 /* Project object */ = {
			isa = PBXProject;
			buildConfigurationList = 32E3FC6013ADB79A00895E31 /* Build configuration list for PBXProject "RSSFun" */;
			compatibilityVersion = "Xcode 3.2";
			developmentRegion = English;
			hasScannedForEncodings = 0;
			knownRegions = (
				en,
			);
			mainGroup = 32E3FC5B13ADB79A00895E31;
			productRefGroup = 32E3FC6713ADB79A00895E31 /* Products */;
			projectDirPath = "";
			projectRoot = "";
			targets = (
				32E3FC6513ADB79A00895E31 /* RSSFun */,
			);
		};
/* End PBXProject section */

/* Begin PBXResourcesBuildPhase section */
		32E3FC6413ADB79A00895E31 /* Resources */ = {
			isa = PBXResourcesBuildPhase;
			buildActionMask = 2147483647;
			files = (
				32E3FC7513ADB79B00895E31 /* InfoPlist.strings in Resources */,
				32E3FC7E13ADB79B00895E31 /* MainWindow.xib in Resources */,
				32E3FC8413ADB79B00895E31 /* RootViewController.xib in Resources */,
			);
			runOnlyForDeploymentPostprocessing = 0;
		};
/* End PBXResourcesBuildPhase section */

/* Begin PBXSourcesBuildPhase section */
		32E3FC6213ADB79A00895E31 /* Sources */ = {
			isa = PBXSourcesBuildPhase;
			buildActionMask = 2147483647;
			files = (
				32E3FC7813ADB79B00895E31 /* main.m in Sources */,
				32E3FC7B13ADB79B00895E31 /* RSSFunAppDelegate.m in Sources */,
				32E3FC8113ADB79B00895E31 /* RootViewController.m in Sources */,
			);
			runOnlyForDeploymentPostprocessing = 0;
		};
/* End PBXSourcesBuildPhase section */

/* Begin PBXVariantGroup section */
		32E3FC7313ADB79B00895E31 /* InfoPlist.strings */ = {
			isa = PBXVariantGroup;
			children = (
				32E3FC7413ADB79B00895E31 /* en */,
			);
			name = InfoPlist.strings;
			sourceTree = "<group>";
		};
		32E3FC7C13ADB79B00895E31 /* MainWindow.xib */ = {
			isa = PBXVariantGroup;
			children = (
				32E3FC7D13ADB79B00895E31 /* en */,
			);
			name = MainWindow.xib;
			sourceTree = "<group>";
		};
		32E3FC8213ADB79B00895E31 /* RootViewController.xib */ = {
			isa = PBXVariantGroup;
			children = (
				32E3FC8313ADB79B00895E31 /* en */,
			);
			name = RootViewController.xib;
			sourceTree = "<group>";
		};
/* End PBXVariantGroup section */

/* Begin XCBuildConfiguration section */
		32E3FC8513ADB79B00895E31 /* Debug */ = {
			isa = XCBuildConfiguration;
			buildSettings = {
				ARCHS = "$(ARCHS_STANDARD_32_BIT)";
				"CODE_SIGN_IDENTITY[sdk=iphoneos*]" = "iPhone Developer";
				GCC_C_LANGUAGE_STANDARD = gnu99;
				GCC_OPTIMIZATION_LEVEL = 0;
				GCC_PREPROCESSOR_DEFINITIONS = DEBUG;
				GCC_SYMBOLS_PRIVATE_EXTERN = NO;
				GCC_VERSION = com.apple.compilers.llvmgcc42;
				GCC_WARN_ABOUT_RETURN_TYPE = YES;
				GCC_WARN_UNUSED_VARIABLE = YES;
				IPHONEOS_DEPLOYMENT_TARGET = 4.3;
				SDKROOT = iphoneos;
			};
			name = Debug;
		};
		32E3FC8613ADB79B00895E31 /* Release */ = {
			isa = XCBuildConfiguration;
			buildSettings = {
				ARCHS = "$(ARCHS_STANDARD_32_BIT)";
				"CODE_SIGN_IDENTITY[sdk=iphoneos*]" = "iPhone Developer";
				GCC_C_LANGUAGE_STANDARD = gnu99;
				GCC_VERSION = com.apple.compilers.llvmgcc42;
				GCC_WARN_ABOUT_RETURN_TYPE = YES;
				GCC_WARN_UNUSED_VARIABLE = YES;
				IPHONEOS_DEPLOYMENT_TARGET = 4.3;
				OTHER_CFLAGS = "-DNS_BLOCK_ASSERTIONS=1";
				SDKROOT = iphoneos;
			};
			name = Release;
		};
		32E3FC8813ADB79B00895E31 /* Debug */ = {
			isa = XCBuildConfiguration;
			buildSettings = {
				ALWAYS_SEARCH_USER_PATHS = NO;
				COPY_PHASE_STRIP = NO;
				GCC_DYNAMIC_NO_PIC = NO;
				GCC_PRECOMPILE_PREFIX_HEADER = YES;
				GCC_PREFIX_HEADER = "RSSFun/RSSFun-Prefix.pch";
				INFOPLIST_FILE = "RSSFun/RSSFun-Info.plist";
				PRODUCT_NAME = "$(TARGET_NAME)";
				WRAPPER_EXTENSION = app;
			};
			name = Debug;
		};
		32E3FC8913ADB79B00895E31 /* Release */ = {
			isa = XCBuildConfiguration;
			buildSettings = {
				ALWAYS_SEARCH_USER_PATHS = NO;
				COPY_PHASE_STRIP = YES;
				GCC_PRECOMPILE_PREFIX_HEADER = YES;
				GCC_PREFIX_HEADER = "RSSFun/RSSFun-Prefix.pch";
				INFOPLIST_FILE = "RSSFun/RSSFun-Info.plist";
				PRODUCT_NAME = "$(TARGET_NAME)";
				VALIDATE_PRODUCT = YES;
				WRAPPER_EXTENSION = app;
			};
			name = Release;
		};
/* End XCBuildConfiguration section */

/* Begin XCConfigurationList section */
		32E3FC6013ADB79A00895E31 /* Build configuration list for PBXProject "RSSFun" */ = {
			isa = XCConfigurationList;
			buildConfigurations = (
				32E3FC8513ADB79B00895E31 /* Debug */,
				32E3FC8613ADB79B00895E31 /* Release */,
			);
			defaultConfigurationIsVisible = 0;
			defaultConfigurationName = Release;
		};
		32E3FC8713ADB79B00895E31 /* Build configuration list for PBXNativeTarget "RSSFun" */ = {
			isa = XCConfigurationList;
			buildConfigurations = (
				32E3FC8813ADB79B00895E31 /* Debug */,
				32E3FC8913ADB79B00895E31 /* Release */,
			);
			defaultConfigurationIsVisible = 0;
		};
/* End XCConfigurationList section */
	};
	rootObject = 32E3FC5D13ADB79A00895E31 /* Project object */;
}
