// !$*UTF8*$!
{
	archiveVersion = 1;
	classes = {
	};
	objectVersion = 46;
	objects = {

/* Begin PBXBuildFile section */
		325E982213B04FE4000B0AA4 /* UIKit.framework in Frameworks */ = {isa = PBXBuildFile; fileRef = 325E982113B04FE4000B0AA4 /* UIKit.framework */; };
		325E982413B04FE4000B0AA4 /* Foundation.framework in Frameworks */ = {isa = PBXBuildFile; fileRef = 325E982313B04FE4000B0AA4 /* Foundation.framework */; };
		325E982613B04FE4000B0AA4 /* CoreGraphics.framework in Frameworks */ = {isa = PBXBuildFile; fileRef = 325E982513B04FE4000B0AA4 /* CoreGraphics.framework */; };
		325E982C13B04FE4000B0AA4 /* InfoPlist.strings in Resources */ = {isa = PBXBuildFile; fileRef = 325E982A13B04FE4000B0AA4 /* InfoPlist.strings */; };
		325E982F13B04FE4000B0AA4 /* main.m in Sources */ = {isa = PBXBuildFile; fileRef = 325E982E13B04FE4000B0AA4 /* main.m */; };
		325E983213B04FE4000B0AA4 /* ThreadsAppDelegate.m in Sources */ = {isa = PBXBuildFile; fileRef = 325E983113B04FE4000B0AA4 /* ThreadsAppDelegate.m */; };
		325E983513B04FE4000B0AA4 /* MainWindow.xib in Resources */ = {isa = PBXBuildFile; fileRef = 325E983313B04FE4000B0AA4 /* MainWindow.xib */; };
		325E983813B04FE5000B0AA4 /* ThreadsViewController.m in Sources */ = {isa = PBXBuildFile; fileRef = 325E983713B04FE5000B0AA4 /* ThreadsViewController.m */; };
		325E983B13B04FE5000B0AA4 /* ThreadsViewController.xib in Resources */ = {isa = PBXBuildFile; fileRef = 325E983913B04FE5000B0AA4 /* ThreadsViewController.xib */; };
/* End PBXBuildFile section */

/* Begin PBXFileReference section */
		325E981D13B04FE4000B0AA4 /* Threads.app */ = {isa = PBXFileReference; explicitFileType = wrapper.application; includeInIndex = 0; path = Threads.app; sourceTree = BUILT_PRODUCTS_DIR; };
		325E982113B04FE4000B0AA4 /* UIKit.framework */ = {isa = PBXFileReference; lastKnownFileType = wrapper.framework; name = UIKit.framework; path = System/Library/Frameworks/UIKit.framework; sourceTree = SDKROOT; };
		325E982313B04FE4000B0AA4 /* Foundation.framework */ = {isa = PBXFileReference; lastKnownFileType = wrapper.framework; name = Foundation.framework; path = System/Library/Frameworks/Foundation.framework; sourceTree = SDKROOT; };
		325E982513B04FE4000B0AA4 /* CoreGraphics.framework */ = {isa = PBXFileReference; lastKnownFileType = wrapper.framework; name = CoreGraphics.framework; path = System/Library/Frameworks/CoreGraphics.framework; sourceTree = SDKROOT; };
		325E982913B04FE4000B0AA4 /* Threads-Info.plist */ = {isa = PBXFileReference; path = "Threads-Info.plist"; sourceTree = "<group>"; };
		325E982B13B04FE4000B0AA4 /* en */ = {isa = PBXFileReference; lastKnownFileType = text.plist.strings; name = en; path = en.lproj/InfoPlist.strings; sourceTree = "<group>"; };
		325E982D13B04FE4000B0AA4 /* Threads-Prefix.pch */ = {isa = PBXFileReference; path = "Threads-Prefix.pch"; sourceTree = "<group>"; };
		325E982E13B04FE4000B0AA4 /* main.m */ = {isa = PBXFileReference; lastKnownFileType = sourcecode.c.objc; path = main.m; sourceTree = "<group>"; };
		325E983013B04FE4000B0AA4 /* ThreadsAppDelegate.h */ = {isa = PBXFileReference; path = ThreadsAppDelegate.h; sourceTree = "<group>"; };
		325E983113B04FE4000B0AA4 /* ThreadsAppDelegate.m */ = {isa = PBXFileReference; lastKnownFileType = sourcecode.c.objc; path = ThreadsAppDelegate.m; sourceTree = "<group>"; };
		325E983413B04FE4000B0AA4 /* en */ = {isa = PBXFileReference; lastKnownFileType = file.xib; name = en; path = en.lproj/MainWindow.xib; sourceTree = "<group>"; };
		325E983613B04FE4000B0AA4 /* ThreadsViewController.h */ = {isa = PBXFileReference; path = ThreadsViewController.h; sourceTree = "<group>"; };
		325E983713B04FE5000B0AA4 /* ThreadsViewController.m */ = {isa = PBXFileReference; lastKnownFileType = sourcecode.c.objc; path = ThreadsViewController.m; sourceTree = "<group>"; };
		325E983A13B04FE5000B0AA4 /* en */ = {isa = PBXFileReference; lastKnownFileType = file.xib; name = en; path = en.lproj/ThreadsViewController.xib; sourceTree = "<group>"; };
/* End PBXFileReference section */

/* Begin PBXFrameworksBuildPhase section */
		325E981A13B04FE4000B0AA4 /* Frameworks */ = {
			isa = PBXFrameworksBuildPhase;
			buildActionMask = 2147483647;
			files = (
				325E982213B04FE4000B0AA4 /* UIKit.framework in Frameworks */,
				325E982413B04FE4000B0AA4 /* Foundation.framework in Frameworks */,
				325E982613B04FE4000B0AA4 /* CoreGraphics.framework in Frameworks */,
			);
			runOnlyForDeploymentPostprocessing = 0;
		};
/* End PBXFrameworksBuildPhase section */

/* Begin PBXGroup section */
		325E981213B04FE4000B0AA4 = {
			isa = PBXGroup;
			children = (
				325E982713B04FE4000B0AA4 /* Threads */,
				325E982013B04FE4000B0AA4 /* Frameworks */,
				325E981E13B04FE4000B0AA4 /* Products */,
			);
			sourceTree = "<group>";
		};
		325E981E13B04FE4000B0AA4 /* Products */ = {
			isa = PBXGroup;
			children = (
				325E981D13B04FE4000B0AA4 /* Threads.app */,
			);
			name = Products;
			sourceTree = "<group>";
		};
		325E982013B04FE4000B0AA4 /* Frameworks */ = {
			isa = PBXGroup;
			children = (
				325E982113B04FE4000B0AA4 /* UIKit.framework */,
				325E982313B04FE4000B0AA4 /* Foundation.framework */,
				325E982513B04FE4000B0AA4 /* CoreGraphics.framework */,
			);
			name = Frameworks;
			sourceTree = "<group>";
		};
		325E982713B04FE4000B0AA4 /* Threads */ = {
			isa = PBXGroup;
			children = (
				325E983013B04FE4000B0AA4 /* ThreadsAppDelegate.h */,
				325E983113B04FE4000B0AA4 /* ThreadsAppDelegate.m */,
				325E983313B04FE4000B0AA4 /* MainWindow.xib */,
				325E983613B04FE4000B0AA4 /* ThreadsViewController.h */,
				325E983713B04FE5000B0AA4 /* ThreadsViewController.m */,
				325E983913B04FE5000B0AA4 /* ThreadsViewController.xib */,
				325E982813B04FE4000B0AA4 /* Supporting Files */,
			);
			path = Threads;
			sourceTree = "<group>";
		};
		325E982813B04FE4000B0AA4 /* Supporting Files */ = {
			isa = PBXGroup;
			children = (
				325E982913B04FE4000B0AA4 /* Threads-Info.plist */,
				325E982A13B04FE4000B0AA4 /* InfoPlist.strings */,
				325E982D13B04FE4000B0AA4 /* Threads-Prefix.pch */,
				325E982E13B04FE4000B0AA4 /* main.m */,
			);
			name = "Supporting Files";
			sourceTree = "<group>";
		};
/* End PBXGroup section */

/* Begin PBXNativeTarget section */
		325E981C13B04FE4000B0AA4 /* Threads */ = {
			isa = PBXNativeTarget;
			buildConfigurationList = 325E983E13B04FE5000B0AA4 /* Build configuration list for PBXNativeTarget "Threads" */;
			buildPhases = (
				325E981913B04FE4000B0AA4 /* Sources */,
				325E981A13B04FE4000B0AA4 /* Frameworks */,
				325E981B13B04FE4000B0AA4 /* Resources */,
			);
			buildRules = (
			);
			dependencies = (
			);
			name = Threads;
			productName = Threads;
			productReference = 325E981D13B04FE4000B0AA4 /* Threads.app */;
			productType = "com.apple.product-type.application";
		};
/* End PBXNativeTarget section */

/* Begin PBXProject section */
		325E981413B04FE4000B0AA4 /* Project object */ = {
			isa = PBXProject;
			buildConfigurationList = 325E981713B04FE4000B0AA4 /* Build configuration list for PBXProject "Threads" */;
			compatibilityVersion = "Xcode 3.2";
			developmentRegion = English;
			hasScannedForEncodings = 0;
			knownRegions = (
				en,
			);
			mainGroup = 325E981213B04FE4000B0AA4;
			productRefGroup = 325E981E13B04FE4000B0AA4 /* Products */;
			projectDirPath = "";
			projectRoot = "";
			targets = (
				325E981C13B04FE4000B0AA4 /* Threads */,
			);
		};
/* End PBXProject section */

/* Begin PBXResourcesBuildPhase section */
		325E981B13B04FE4000B0AA4 /* Resources */ = {
			isa = PBXResourcesBuildPhase;
			buildActionMask = 2147483647;
			files = (
				325E982C13B04FE4000B0AA4 /* InfoPlist.strings in Resources */,
				325E983513B04FE4000B0AA4 /* MainWindow.xib in Resources */,
				325E983B13B04FE5000B0AA4 /* ThreadsViewController.xib in Resources */,
			);
			runOnlyForDeploymentPostprocessing = 0;
		};
/* End PBXResourcesBuildPhase section */

/* Begin PBXSourcesBuildPhase section */
		325E981913B04FE4000B0AA4 /* Sources */ = {
			isa = PBXSourcesBuildPhase;
			buildActionMask = 2147483647;
			files = (
				325E982F13B04FE4000B0AA4 /* main.m in Sources */,
				325E983213B04FE4000B0AA4 /* ThreadsAppDelegate.m in Sources */,
				325E983813B04FE5000B0AA4 /* ThreadsViewController.m in Sources */,
			);
			runOnlyForDeploymentPostprocessing = 0;
		};
/* End PBXSourcesBuildPhase section */

/* Begin PBXVariantGroup section */
		325E982A13B04FE4000B0AA4 /* InfoPlist.strings */ = {
			isa = PBXVariantGroup;
			children = (
				325E982B13B04FE4000B0AA4 /* en */,
			);
			name = InfoPlist.strings;
			sourceTree = "<group>";
		};
		325E983313B04FE4000B0AA4 /* MainWindow.xib */ = {
			isa = PBXVariantGroup;
			children = (
				325E983413B04FE4000B0AA4 /* en */,
			);
			name = MainWindow.xib;
			sourceTree = "<group>";
		};
		325E983913B04FE5000B0AA4 /* ThreadsViewController.xib */ = {
			isa = PBXVariantGroup;
			children = (
				325E983A13B04FE5000B0AA4 /* en */,
			);
			name = ThreadsViewController.xib;
			sourceTree = "<group>";
		};
/* End PBXVariantGroup section */

/* Begin XCBuildConfiguration section */
		325E983C13B04FE5000B0AA4 /* Debug */ = {
			isa = XCBuildConfiguration;
			buildSettings = {
				ARCHS = "$(ARCHS_STANDARD_32_BIT)";
				"CODE_SIGN_IDENTITY[sdk=iphoneos*]" = "iPhone Developer";
				GCC_C_LANGUAGE_STANDARD = gnu99;
				GCC_OPTIMIZATION_LEVEL = 0;
				GCC_PREPROCESSOR_DEFINITIONS = DEBUG;
				GCC_SYMBOLS_PRIVATE_EXTERN = NO;
				GCC_VERSION = com.apple.compilers.llvmgcc42;
				GCC_WARN_ABOUT_RETURN_TYPE = YES;
				GCC_WARN_UNUSED_VARIABLE = YES;
				IPHONEOS_DEPLOYMENT_TARGET = 4.3;
				SDKROOT = iphoneos;
			};
			name = Debug;
		};
		325E983D13B04FE5000B0AA4 /* Release */ = {
			isa = XCBuildConfiguration;
			buildSettings = {
				ARCHS = "$(ARCHS_STANDARD_32_BIT)";
				"CODE_SIGN_IDENTITY[sdk=iphoneos*]" = "iPhone Developer";
				GCC_C_LANGUAGE_STANDARD = gnu99;
				GCC_VERSION = com.apple.compilers.llvmgcc42;
				GCC_WARN_ABOUT_RETURN_TYPE = YES;
				GCC_WARN_UNUSED_VARIABLE = YES;
				IPHONEOS_DEPLOYMENT_TARGET = 4.3;
				OTHER_CFLAGS = "-DNS_BLOCK_ASSERTIONS=1";
				SDKROOT = iphoneos;
			};
			name = Release;
		};
		325E983F13B04FE5000B0AA4 /* Debug */ = {
			isa = XCBuildConfiguration;
			buildSettings = {
				ALWAYS_SEARCH_USER_PATHS = NO;
				COPY_PHASE_STRIP = NO;
				GCC_DYNAMIC_NO_PIC = NO;
				GCC_PRECOMPILE_PREFIX_HEADER = YES;
				GCC_PREFIX_HEADER = "Threads/Threads-Prefix.pch";
				INFOPLIST_FILE = "Threads/Threads-Info.plist";
				PRODUCT_NAME = "$(TARGET_NAME)";
				WRAPPER_EXTENSION = app;
			};
			name = Debug;
		};
		325E984013B04FE5000B0AA4 /* Release */ = {
			isa = XCBuildConfiguration;
			buildSettings = {
				ALWAYS_SEARCH_USER_PATHS = NO;
				COPY_PHASE_STRIP = YES;
				GCC_PRECOMPILE_PREFIX_HEADER = YES;
				GCC_PREFIX_HEADER = "Threads/Threads-Prefix.pch";
				INFOPLIST_FILE = "Threads/Threads-Info.plist";
				PRODUCT_NAME = "$(TARGET_NAME)";
				VALIDATE_PRODUCT = YES;
				WRAPPER_EXTENSION = app;
			};
			name = Release;
		};
/* End XCBuildConfiguration section */

/* Begin XCConfigurationList section */
		325E981713B04FE4000B0AA4 /* Build configuration list for PBXProject "Threads" */ = {
			isa = XCConfigurationList;
			buildConfigurations = (
				325E983C13B04FE5000B0AA4 /* Debug */,
				325E983D13B04FE5000B0AA4 /* Release */,
			);
			defaultConfigurationIsVisible = 0;
			defaultConfigurationName = Release;
		};
		325E983E13B04FE5000B0AA4 /* Build configuration list for PBXNativeTarget "Threads" */ = {
			isa = XCConfigurationList;
			buildConfigurations = (
				325E983F13B04FE5000B0AA4 /* Debug */,
				325E984013B04FE5000B0AA4 /* Release */,
			);
			defaultConfigurationIsVisible = 0;
		};
/* End XCConfigurationList section */
	};
	rootObject = 325E981413B04FE4000B0AA4 /* Project object */;
}
